
Microsoft Visual Studio Solution File, Format Version 12.00
# Visual Studio Version 16
VisualStudioVersion = 16.0.30621.155
MinimumVisualStudioVersion = 10.0.40219.1
Project("{FAE04EC0-301F-11D3-BF4B-00C04F79EFBC}") = "Firma_Deweloperska", "Firma_Deweloperska.csproj", "{8119BC34-D012-4863-892F-D090539F590A}"
EndProject
Global
	GlobalSection(SolutionConfigurationPlatforms) = preSolution
		Debug|Any CPU = Debug|Any CPU
		Release|Any CPU = Release|Any CPU
	EndGlobalSection
	GlobalSection(ProjectConfigurationPlatforms) = postSolution
		{8119BC34-D012-4863-892F-D090539F590A}.Debug|Any CPU.ActiveCfg = Debug|Any CPU
		{8119BC34-D012-4863-892F-D090539F590A}.Debug|Any CPU.Build.0 = Debug|Any CPU
		{8119BC34-D012-4863-892F-D090539F590A}.Release|Any CPU.ActiveCfg = Release|Any CPU
		{8119BC34-D012-4863-892F-D090539F590A}.Release|Any CPU.Build.0 = Release|Any CPU
	EndGlobalSection
	GlobalSection(SolutionProperties) = preSolution
		HideSolutionNode = FALSE
	EndGlobalSection
	GlobalSection(ExtensibilityGlobals) = postSolution
		SolutionGuid = {A8117834-00CA-4B1F-B483-B32653946912}
	EndGlobalSection
EndGlobal
